{
  "version": "2",
  "remote": {
    "https://deno.land/std@0.152.0/_util/assert.ts": "e94f2eb37cebd7f199952e242c77654e43333c1ac4c5c700e929ea3aa5489f74",
    "https://deno.land/std@0.152.0/_util/os.ts": "3b4c6e27febd119d36a416d7a97bd3b0251b77c88942c8f16ee5953ea13e2e49",
    "https://deno.land/std@0.152.0/async/deferred.ts": "bc18e28108252c9f67dfca2bbc4587c3cbf3aeb6e155f8c864ca8ecff992b98a",
    "https://deno.land/std@0.152.0/bytes/bytes_list.ts": "aba5e2369e77d426b10af1de0dcc4531acecec27f9b9056f4f7bfbf8ac147ab4",
    "https://deno.land/std@0.152.0/bytes/equals.ts": "3c3558c3ae85526f84510aa2b48ab2ad7bdd899e2e0f5b7a8ffc85acb3a6043a",
    "https://deno.land/std@0.152.0/bytes/mod.ts": "763f97d33051cc3f28af1a688dfe2830841192a9fea0cbaa55f927b49d49d0bf",
    "https://deno.land/std@0.152.0/crypto/timing_safe_equal.ts": "82a29b737bc8932d75d7a20c404136089d5d23629e94ba14efa98a8cc066c73e",
    "https://deno.land/std@0.152.0/encoding/base64.ts": "c57868ca7fa2fbe919f57f88a623ad34e3d970d675bdc1ff3a9d02bba7409db2",
    "https://deno.land/std@0.152.0/fmt/colors.ts": "6f9340b7fb8cc25a993a99e5efc56fe81bb5af284ff412129dd06df06f53c0b4",
    "https://deno.land/std@0.152.0/http/_negotiation/common.ts": "410e902f01cdd324e4746e8017595be4fc357d6fc4cd6044f2f808a943d7eaf7",
    "https://deno.land/std@0.152.0/http/_negotiation/encoding.ts": "f749c1d539d139af783e8a7741de5a47a98a5e3c9af82b8af512567ccf5fe632",
    "https://deno.land/std@0.152.0/http/_negotiation/language.ts": "53c306186904d2dace4c624a8822542866ad332a7f40ac90e0af1504f95c63d0",
    "https://deno.land/std@0.152.0/http/_negotiation/media_type.ts": "ecdda87286495f7ff25116858f5088856953e2f1585e593d314e0c71b826a137",
    "https://deno.land/std@0.152.0/http/http_errors.ts": "fe9b7f95f7ee0592c3306f8c7aed03ba53d55d1ef81e00041c1171b9588f46d9",
    "https://deno.land/std@0.152.0/http/http_status.ts": "897575a7d6bc2b9123f6a38ecbc0f03d95a532c5d92029315dc9f508e12526b8",
    "https://deno.land/std@0.152.0/http/negotiation.ts": "f35b1ff2ad4ff9feaa00ac234960b398172768205c8eceaef7f2eafe34716ba2",
    "https://deno.land/std@0.152.0/io/buffer.ts": "bd0c4bf53db4b4be916ca5963e454bddfd3fcd45039041ea161dbf826817822b",
    "https://deno.land/std@0.152.0/io/readers.ts": "45847ad404afd2f605eae1cff193f223462bc55eeb9ae313c2f3db28aada0fd6",
    "https://deno.land/std@0.152.0/io/types.d.ts": "0cae3a62da7a37043661746c65c021058bae020b54e50c0e774916e5d4baee43",
    "https://deno.land/std@0.152.0/media_types/_util.ts": "ce9b4fc4ba1c447dafab619055e20fd88236ca6bdd7834a21f98bd193c3fbfa1",
    "https://deno.land/std@0.152.0/media_types/mod.ts": "3829264ca0610cac40f3214f939d7733483523f82bc1041c51045d7c75fb93b8",
    "https://deno.land/std@0.152.0/media_types/vendor/mime-db.v1.52.0.ts": "724cee25fa40f1a52d3937d6b4fbbfdd7791ff55e1b7ac08d9319d5632c7f5af",
    "https://deno.land/std@0.152.0/path/_constants.ts": "df1db3ffa6dd6d1252cc9617e5d72165cd2483df90e93833e13580687b6083c3",
    "https://deno.land/std@0.152.0/path/_interface.ts": "ee3b431a336b80cf445441109d089b70d87d5e248f4f90ff906820889ecf8d09",
    "https://deno.land/std@0.152.0/path/_util.ts": "c1e9686d0164e29f7d880b2158971d805b6e0efc3110d0b3e24e4b8af2190d2b",
    "https://deno.land/std@0.152.0/path/common.ts": "bee563630abd2d97f99d83c96c2fa0cca7cee103e8cb4e7699ec4d5db7bd2633",
    "https://deno.land/std@0.152.0/path/glob.ts": "cb5255638de1048973c3e69e420c77dc04f75755524cb3b2e160fe9277d939ee",
    "https://deno.land/std@0.152.0/path/mod.ts": "56fec03ad0ebd61b6ab39ddb9b0ddb4c4a5c9f2f4f632e09dd37ec9ebfd722ac",
    "https://deno.land/std@0.152.0/path/posix.ts": "c1f7afe274290ea0b51da07ee205653b2964bd74909a82deb07b69a6cc383aaa",
    "https://deno.land/std@0.152.0/path/separator.ts": "fe1816cb765a8068afb3e8f13ad272351c85cbc739af56dacfc7d93d710fe0f9",
    "https://deno.land/std@0.152.0/path/win32.ts": "bd7549042e37879c68ff2f8576a25950abbfca1d696d41d82c7bca0b7e6f452c",
    "https://deno.land/std@0.152.0/streams/conversion.ts": "fc3db02026183da795fa32ac7549868e9f19c75ba029d4b4c3739af62b48517a",
    "https://deno.land/std@0.152.0/testing/_diff.ts": "029a00560b0d534bc0046f1bce4bd36b3b41ada3f2a3178c85686eb2ff5f1413",
    "https://deno.land/std@0.152.0/testing/_format.ts": "0d8dc79eab15b67cdc532826213bbe05bccfd276ca473a50a3fc7bbfb7260642",
    "https://deno.land/std@0.152.0/testing/asserts.ts": "093735c88f52bbead7f60a1f7a97a2ce4df3c2d5fab00a46956f20b4a5793ccd",
    "https://deno.land/x/oak@v11.1.0/application.ts": "0a728331822b8e27727ceec48a8499657c3163fc48fd379a8a9578a75f3cdb62",
    "https://deno.land/x/oak@v11.1.0/body.ts": "78402a4936accb80372c4944384658105604352d6783de7ff1e36b8832dd93c9",
    "https://deno.land/x/oak@v11.1.0/buf_reader.ts": "7cf96aa0ac670b75098113cf88a291a68332cc45efa8a9698f064ac5b8098a0f",
    "https://deno.land/x/oak@v11.1.0/content_disposition.ts": "8b8c3cb2fba7138cd5b7f82fc3b5ea39b33db924a824b28261659db7e164621e",
    "https://deno.land/x/oak@v11.1.0/context.ts": "014d1ce40e62a7901411425541b0d5a08018968a330595bd686f8d00222a35bb",
    "https://deno.land/x/oak@v11.1.0/cookies.ts": "d9f94b99f26c6169c6982ce12323c41a548d001bfc28f464264c22dc3dbf2181",
    "https://deno.land/x/oak@v11.1.0/deps.ts": "b897b0f2bec99cd8b402b279b7f21de955d98cbd72835b6c912be5e11c26148b",
    "https://deno.land/x/oak@v11.1.0/etag.ts": "19918f5e1964e3fe6c9fe524a88ffbf9900ce1dfe4146b187b2a86256bb6b663",
    "https://deno.land/x/oak@v11.1.0/headers.ts": "f50fb05614432bda971021633129aa2e8737e0844e0f01c27a937997b4d8dd4f",
    "https://deno.land/x/oak@v11.1.0/helpers.ts": "42212afa07a560b2958359cc19577417e89d9574d6579551a0af36ff7f00cc6e",
    "https://deno.land/x/oak@v11.1.0/http_request.ts": "0831c828816fcb58a5aa8361c6865c4151f4c8b59fabcef2e2cd235bb28170c5",
    "https://deno.land/x/oak@v11.1.0/http_server_flash.ts": "e312754acad26d3d70f243d657547e697921f67f0a2179dbec41a20a3228fd79",
    "https://deno.land/x/oak@v11.1.0/http_server_native.ts": "549dffcd2db5cbb0e44ad50cf9c54956b42a10450b1ac66e1362e32a073c8c1b",
    "https://deno.land/x/oak@v11.1.0/http_server_native_request.ts": "07910ea2ed51af6c4e69addf9015cdd8d2b5c9ee03fd4993e386834a129a9eb6",
    "https://deno.land/x/oak@v11.1.0/isMediaType.ts": "62d638abcf837ece3a8f07a4b7ca59794135cb0d4b73194c7d5837efd4161005",
    "https://deno.land/x/oak@v11.1.0/keyStack.ts": "fa0d5898fb8ba34de1c9cdcf4b2e8434952dc9931671858d33560368784a22ef",
    "https://deno.land/x/oak@v11.1.0/mediaTyper.ts": "042b853fc8e9c3f6c628dd389e03ef481552bf07242efc3f8a1af042102a6105",
    "https://deno.land/x/oak@v11.1.0/middleware.ts": "de14f045a2ddfe845d89b5d3140ff52cbcc6f3b3965391106ce04480f9786737",
    "https://deno.land/x/oak@v11.1.0/middleware/proxy.ts": "b927232f97ec18af4185d7912e45b1191e3ffe24a9c875262ad524211b1274c9",
    "https://deno.land/x/oak@v11.1.0/mod.ts": "de52855c8f626e30ba683fb265c0a0773ba2f5f117b3549b7d9c857edba58338",
    "https://deno.land/x/oak@v11.1.0/multipart.ts": "98fe9f226de8c26a16d067027b69fb1e34ad8c4055767dd157907d06cea36f9a",
    "https://deno.land/x/oak@v11.1.0/range.ts": "68a6df7ab3b868843e33f52deb94c3d4cab25cb9ef369691990c2ac15b04fafb",
    "https://deno.land/x/oak@v11.1.0/request.ts": "5852ad36389b48e0428a6f3c90854d01f10d1b15949b56001e1e75c2a00ef0f9",
    "https://deno.land/x/oak@v11.1.0/response.ts": "867d81f7eb0c65c7b8e0e0e9e145ededd5b6daa9ad922e6adc6a36a525f439a6",
    "https://deno.land/x/oak@v11.1.0/router.ts": "187522a549f6c179ff01d321882a8bfacbfb7f3e24b004ec4534a3613c7f9b0e",
    "https://deno.land/x/oak@v11.1.0/send.ts": "7ef2591792426d62add91536bb434566d4b224247ca343fdd63e486f9d4e9446",
    "https://deno.land/x/oak@v11.1.0/server_sent_event.ts": "948b0fe4cb3fe38c7db15e476eb3b7671ef20e566d130e9f701d7c0146aa47dd",
    "https://deno.land/x/oak@v11.1.0/structured_clone.ts": "ecf42598652b8082f37252cb873d6e257ad728e6fe73c6bd61f343d94501fbde",
    "https://deno.land/x/oak@v11.1.0/testing.ts": "7612656efd2975f7a2e6848609f5971922dbec46b76372c5c623202fdd7b9a85",
    "https://deno.land/x/oak@v11.1.0/types.d.ts": "41951a18c3bfdb11e40707cab75da078ba8a4907cd7d4e11d8536bc2db0dde05",
    "https://deno.land/x/oak@v11.1.0/util.ts": "3af8c4ed04c6cc2bedbe66e562a77fc59c72df31c55a902a63885861ca1639d6",
    "https://deno.land/x/path_to_regexp@v6.2.1/index.ts": "894060567837bae8fc9c5cbd4d0a05e9024672083d5883b525c031eea940e556",
    "https://esm.sh/hast-util-to-html@8.0.4": "3c14aec71fabe0bfb166813b31d950ff343eaab7e8b9855530df07cc477f4b4e",
    "https://esm.sh/lowlight@2.8.1/lib/all.js": "b784278acaaea2771b0e201e0d1caffb42bec8c796efdc003e65993f2e508eea",
    "https://esm.sh/v106/@types/hast@2.3.4/index.d.ts": "6075cc26a4cf5f221af7e5577d87bd89d5004b679c4fbc89db2be6ecc7f55c19",
    "https://esm.sh/v106/@types/unist@2.0.6/index.d.ts": "cddf5c26907c0b8378bc05543161c11637b830da9fadf59e02a11e675d11e180",
    "https://esm.sh/v107/@types/hast@2.3.4/index.d.ts": "a8559efcd73b8692b8c27d06fb61397f2012b516659ec96f662c743c8256f0b8",
    "https://esm.sh/v107/@types/unist@2.0.6/index.d.ts": "cddf5c26907c0b8378bc05543161c11637b830da9fadf59e02a11e675d11e180",
    "https://esm.sh/v107/ccount@2.0.1/deno/ccount.js": "781a282240c061ffb5ea667bf0235486d2c9f2a6f0267bdf0081c830806f18e2",
    "https://esm.sh/v107/character-entities-html4@2.1.0/deno/character-entities-html4.js": "4b00247e4ab9ad02b8d29caec8d527918957a4053e7382d78407dde0302633fa",
    "https://esm.sh/v107/character-entities-legacy@3.0.0/deno/character-entities-legacy.js": "610f382fad74f0c4dc090b4b4636097b7bd905e5bf67194f7f10f44d2c39f69d",
    "https://esm.sh/v107/comma-separated-tokens@2.0.3/deno/comma-separated-tokens.js": "93396131a10a9ec4063ed33aa1c76686370f67beb1720f0c53a1b9b7247f22b7",
    "https://esm.sh/v107/fault@2.0.1/deno/fault.js": "51ae8c3225d612327c61e3ce2ac0540e7ca55dbbb8ad4ba0abfb77be7c87e160",
    "https://esm.sh/v107/format@0.2.2/deno/format.js": "077174045cfd7230b7bdbdbf53d8f9f9022a2be12e6c8dafb580efe900fe1c01",
    "https://esm.sh/v107/hast-util-raw@7.2.3/complex-types.d.ts": "8f91fe1b7888057b7693c49737ea3c75641c53948b2ed139519354af3deac6fe",
    "https://esm.sh/v107/hast-util-to-html@8.0.4/deno/hast-util-to-html.js": "3ea6c373ceee43a26ebeb1fe359342ba2e7b5feccb6e7a08aadf528df41a52e1",
    "https://esm.sh/v107/hast-util-to-html@8.0.4/index.d.ts": "7d38ef543744aa80cf4f56d6b6225b8b4bc5ee86eb22d5f1f4c96f254914c5aa",
    "https://esm.sh/v107/hast-util-to-html@8.0.4/lib/index.d.ts": "054dc51afa9eb7c181ae78a5ce01731dd201bdc3f1379a3197ce1d5ad72f0d84",
    "https://esm.sh/v107/hast-util-to-html@8.0.4/lib/types.d.ts": "5738e0a6ede5be60e3ecf27eef6883f136ce1e380dafa3ceaff4822634944b9e",
    "https://esm.sh/v107/hast-util-whitespace@2.0.1/deno/hast-util-whitespace.js": "77fe495e0f0f8e1254233a63cd91cde0f45636af1dfc75fdb9e6acfd9b2be52c",
    "https://esm.sh/v107/highlight.js@11.7.0/deno/lib/core.js": "9c844a709235d0e17fb10b95df67dffbf7180c9e722bf144c1539d5759b78e44",
    "https://esm.sh/v107/highlight.js@11.7.0/deno/lib/languages/1c.js": "11097d69a9b82bd13acd01189d9479d719e7849c1e4046c3a57b0dba2ab0b312",
    "https://esm.sh/v107/highlight.js@11.7.0/deno/lib/languages/abnf.js": "bebeb441d056036d5d180ea6a9b4b0ca4929f998b68dc89d85379bb2784b173c",
    "https://esm.sh/v107/highlight.js@11.7.0/deno/lib/languages/accesslog.js": "98c90bdc1cbce94c1d866543cb76ed74aeea37db4c8a922d7a56be4297764979",
    "https://esm.sh/v107/highlight.js@11.7.0/deno/lib/languages/actionscript.js": "106cde29b2663e41a7f4a752ec1887d7969aeea141d108e48e89879137ae4928",
    "https://esm.sh/v107/highlight.js@11.7.0/deno/lib/languages/ada.js": "1a04fdaae22e7c6e094b8e46280de5c4b612f47e5f31a87ac4e9546b5135fb0d",
    "https://esm.sh/v107/highlight.js@11.7.0/deno/lib/languages/angelscript.js": "7bef22a0e43f0cbc01a6729c6d28af883f2c24e94e7aa4378c2ed726452cd1e3",
    "https://esm.sh/v107/highlight.js@11.7.0/deno/lib/languages/apache.js": "c46d14569e4f728beb322d306a67f14fc7c2b4740a41a395ba7dcf22390d481e",
    "https://esm.sh/v107/highlight.js@11.7.0/deno/lib/languages/applescript.js": "334ddd0188cdcc7ddb670635a2954ede667ed94d328ccc564956f505ace3e9c2",
    "https://esm.sh/v107/highlight.js@11.7.0/deno/lib/languages/arcade.js": "f4edddd3f1769bd28e8e6c83a09ed072e9d86d4b3991ae689ef927dec1c367c1",
    "https://esm.sh/v107/highlight.js@11.7.0/deno/lib/languages/arduino.js": "e65cc064f9a09de779a35ce20aa457c6d3999b34d8f4517596e1b65d0e3f4b0e",
    "https://esm.sh/v107/highlight.js@11.7.0/deno/lib/languages/armasm.js": "6e794640b86cf233ea1f32185cc6bf32a397c389d8fdbd8896d752fc9073db36",
    "https://esm.sh/v107/highlight.js@11.7.0/deno/lib/languages/asciidoc.js": "7669c42f44df753cb585f69f67a9ebd497dfc4bf9a3985dc55ca3e7ff4c277d4",
    "https://esm.sh/v107/highlight.js@11.7.0/deno/lib/languages/aspectj.js": "34a5e8cfdcaed8b6c3be9ba87a61d644b1b0797fd81911064ac7a90326ef12ef",
    "https://esm.sh/v107/highlight.js@11.7.0/deno/lib/languages/autohotkey.js": "e8285b4356437a8ddb02e12b0bf07c598e3d9d7d98f1feed77644983cf34b085",
    "https://esm.sh/v107/highlight.js@11.7.0/deno/lib/languages/autoit.js": "2a24a0dcbf597d8c6a99ba4e2a49971f73d4ef6b96c721f7ba25254d77041f23",
    "https://esm.sh/v107/highlight.js@11.7.0/deno/lib/languages/avrasm.js": "11db4aefcdcbf92c309698f8b249e13c11bfade44ad2453abab71a000155914f",
    "https://esm.sh/v107/highlight.js@11.7.0/deno/lib/languages/awk.js": "dd231dfc71071d4776fc013f430a23dfa3dbbdf14c3ce6a50677281e9177da00",
    "https://esm.sh/v107/highlight.js@11.7.0/deno/lib/languages/axapta.js": "a95e5644207c356da241833971f50fdc468326b4675040820ed6f13254292669",
    "https://esm.sh/v107/highlight.js@11.7.0/deno/lib/languages/bash.js": "1452a1177305b34c3a9747214d12d137db3777c4ac812ca64775eae87740a3b1",
    "https://esm.sh/v107/highlight.js@11.7.0/deno/lib/languages/basic.js": "0c13351f031748b1ae4dcf5d968d3946f7f1e1452d616f39e3dcf76fdf97135c",
    "https://esm.sh/v107/highlight.js@11.7.0/deno/lib/languages/bnf.js": "edd703ca33ba3abf8963aaea3f1647ab326b065ec390a3d41fdb8b20a6a583a0",
    "https://esm.sh/v107/highlight.js@11.7.0/deno/lib/languages/brainfuck.js": "3810cd5ea86d93abfc835ba09153472e7a5b5c870cea55f3e89aa79fe5596b40",
    "https://esm.sh/v107/highlight.js@11.7.0/deno/lib/languages/c.js": "447891fa4e22c0d6c7076f868dd46097bb9918fbabc67cc7976a1f39fe934f87",
    "https://esm.sh/v107/highlight.js@11.7.0/deno/lib/languages/cal.js": "bc59bde44c90371a232fba3a2772052c8878bbffae75c5b1a4b67c0d7b26bdc3",
    "https://esm.sh/v107/highlight.js@11.7.0/deno/lib/languages/capnproto.js": "22724baac6fb5c10808b69b5a0434a22f7ea154e9cb23250f449b0581c3b9065",
    "https://esm.sh/v107/highlight.js@11.7.0/deno/lib/languages/ceylon.js": "9ccace1b40028521efb10a010561a4192884ecedd9a159c9a4ad440d44a39b5c",
    "https://esm.sh/v107/highlight.js@11.7.0/deno/lib/languages/clean.js": "e9a81c832b4315d4db32fc43d50e803ff53b8d3437e09d23168c5cd76a71ef2f",
    "https://esm.sh/v107/highlight.js@11.7.0/deno/lib/languages/clojure-repl.js": "67bb57246851a498e597cc1a37e1387d1ec73b30802101b45e21d589b15eb942",
    "https://esm.sh/v107/highlight.js@11.7.0/deno/lib/languages/clojure.js": "7bf32e1812df0720801ec4ce3c4f551032e8a79e1c54a1512763acd55167ea2d",
    "https://esm.sh/v107/highlight.js@11.7.0/deno/lib/languages/cmake.js": "51ccc6a4b9493a2d80aa35b29e0c09aa0807be6061f21cc13f27dd086b6e0c17",
    "https://esm.sh/v107/highlight.js@11.7.0/deno/lib/languages/coffeescript.js": "5fc79d587ae5de0872c1a2eb8c0f006b54a9b6240296df4e9ec366401c4d6a9f",
    "https://esm.sh/v107/highlight.js@11.7.0/deno/lib/languages/coq.js": "44f41be2f2553a787b21e2f123973c3d3674a5acb380a5b1eef562182227d889",
    "https://esm.sh/v107/highlight.js@11.7.0/deno/lib/languages/cos.js": "5dbf8aa103cdde01cf86f2d2f40fbbd6c26d413f9b6de5d5a8ca6c6eb4884d11",
    "https://esm.sh/v107/highlight.js@11.7.0/deno/lib/languages/cpp.js": "014bd1ebb7a35624801d3dd766672dd372640a4636ace9dcac80945e6586d80c",
    "https://esm.sh/v107/highlight.js@11.7.0/deno/lib/languages/crmsh.js": "536fe3ea830ad234f2d3645e98b7f0d7c9fd5e61c15e4dc8a2a2b18f43ba7b1f",
    "https://esm.sh/v107/highlight.js@11.7.0/deno/lib/languages/crystal.js": "c63dfb17408349d4ed140940f37b7d5ac4a7c5e72a0ff6ecd864d5129c5b8c03",
    "https://esm.sh/v107/highlight.js@11.7.0/deno/lib/languages/csharp.js": "ee840886b38dd4382041ed864a55a0533a412e98b277a916c2e0ee9bf0fad889",
    "https://esm.sh/v107/highlight.js@11.7.0/deno/lib/languages/csp.js": "b4b69ab84a6876121508b268a1110db64a4898ba4a46dd1675e1fd4d115b2be2",
    "https://esm.sh/v107/highlight.js@11.7.0/deno/lib/languages/css.js": "b01aecb7f32f1d4368798136cda0d92d4908b6f5f6baca8d7482280851bb52ac",
    "https://esm.sh/v107/highlight.js@11.7.0/deno/lib/languages/d.js": "ab5688649121fece773a5607b6933f14090f487309d2054db2169f1f2220876c",
    "https://esm.sh/v107/highlight.js@11.7.0/deno/lib/languages/dart.js": "bbb030c1055ed2b5d59cf90c8386b0f61a8d15e11b6e46029eaefedac6935e41",
    "https://esm.sh/v107/highlight.js@11.7.0/deno/lib/languages/delphi.js": "6b50210361c40dcbd55562e070556fb39ba17cab7fbfca07317fdc6325f3a992",
    "https://esm.sh/v107/highlight.js@11.7.0/deno/lib/languages/diff.js": "4a7947630cd4abb4daee77e87a4b201fcd04d171a52ee82bc6994925aba7c021",
    "https://esm.sh/v107/highlight.js@11.7.0/deno/lib/languages/django.js": "86509b85bfae5494812cf6dfcdffc7ed320f7b7b7dcc41abdd5c03982224b556",
    "https://esm.sh/v107/highlight.js@11.7.0/deno/lib/languages/dns.js": "396e4cf8eb5aff55a74abc60fb051ef32c599f39850228be6db989881eb38d90",
    "https://esm.sh/v107/highlight.js@11.7.0/deno/lib/languages/dockerfile.js": "ce9be5718044a203fe6a42c080f75514aa42e3b136d887db1b50d315740ba011",
    "https://esm.sh/v107/highlight.js@11.7.0/deno/lib/languages/dos.js": "75d00a7d7cb9c970afa6f3cbc8ea2fd308b879c150d29e4a211eee1b000d7d12",
    "https://esm.sh/v107/highlight.js@11.7.0/deno/lib/languages/dsconfig.js": "430688a91b5f900b79a60f37ffbf9972a511e36c9500e7cd3db02b00d3c5d6e4",
    "https://esm.sh/v107/highlight.js@11.7.0/deno/lib/languages/dts.js": "d1391cf1fd26fbfbab37aa13649293b1649f3a7315ce5d4484fea7c1bc27b62f",
    "https://esm.sh/v107/highlight.js@11.7.0/deno/lib/languages/dust.js": "41c8cfe3da1a03e6cd260015a9aecb1b6c1f4f4294b6667da70e77a832ec3112",
    "https://esm.sh/v107/highlight.js@11.7.0/deno/lib/languages/ebnf.js": "92cd0d5b05a14514abfb0c32ea32fd848ebbc3b92e4fc7b572013312cbc1c394",
    "https://esm.sh/v107/highlight.js@11.7.0/deno/lib/languages/elixir.js": "92f2b38d533d6a2dc53576ff0807d2cc6472f5a4050fd53dd76087bb148ef750",
    "https://esm.sh/v107/highlight.js@11.7.0/deno/lib/languages/elm.js": "32f0e42c60ead8ed670ec22345299ccbc365a9d425ba4024c9e9b2760bf7747b",
    "https://esm.sh/v107/highlight.js@11.7.0/deno/lib/languages/erb.js": "cd0c5fa29056a4187b10a1b0e0ef8defcfab43a3b9f8f33f3048deab9f1f2250",
    "https://esm.sh/v107/highlight.js@11.7.0/deno/lib/languages/erlang-repl.js": "0c24aa34271a47c539b9f711119d202bc5094acee7086b962353713c6d481ee1",
    "https://esm.sh/v107/highlight.js@11.7.0/deno/lib/languages/erlang.js": "b0146400cde9b7f6b719df4fdb79c0ce4c0016ab2f4de2e45a641f5406db01ba",
    "https://esm.sh/v107/highlight.js@11.7.0/deno/lib/languages/excel.js": "e9ae010e8ab89d5d01b0390cf144a77cac4dacd61272a3802080e063b7a052a7",
    "https://esm.sh/v107/highlight.js@11.7.0/deno/lib/languages/fix.js": "3436f491aa2ac32d8b2baea75f1ed5e56453e24323679a767f119224371f3cf1",
    "https://esm.sh/v107/highlight.js@11.7.0/deno/lib/languages/flix.js": "1025167ec1df8d18c85b7c3e0cfa562731ef85af38b657c0a88431ba01515809",
    "https://esm.sh/v107/highlight.js@11.7.0/deno/lib/languages/fortran.js": "4010a2843a42cbe487f1df1c43c1c687ec9670894e22a508d93ad712d4790476",
    "https://esm.sh/v107/highlight.js@11.7.0/deno/lib/languages/fsharp.js": "32b64d9d758ff8d70dcdcfc88a2f60c3d9e9424d80747f9cee524ccf5ada2a01",
    "https://esm.sh/v107/highlight.js@11.7.0/deno/lib/languages/gams.js": "61aef615990fb227cadd75a040ebb7ca5d533c09413c46ce835a0a54c802254f",
    "https://esm.sh/v107/highlight.js@11.7.0/deno/lib/languages/gauss.js": "08c439bf9f1a9c3579e31e7318e0f70286352ffcbccf7808db73bd0574078bc0",
    "https://esm.sh/v107/highlight.js@11.7.0/deno/lib/languages/gcode.js": "490a787380f4c54254f1809b42d44e113ab1bf059fad9ff8061c95982d67bfce",
    "https://esm.sh/v107/highlight.js@11.7.0/deno/lib/languages/gherkin.js": "cd56918f8ba60298b49056581ea4feca0024b83aaf6e6738b17b8d4ef98c33c8",
    "https://esm.sh/v107/highlight.js@11.7.0/deno/lib/languages/glsl.js": "b53669ea084d13cb3aa1ca0135266761a33a232bf2bb73f5d12d24f50f230cbc",
    "https://esm.sh/v107/highlight.js@11.7.0/deno/lib/languages/gml.js": "92f476f1191be1f6714ffb825564d92ee48c864ff107c1c0cbe39fcce5cbffc2",
    "https://esm.sh/v107/highlight.js@11.7.0/deno/lib/languages/go.js": "1feffa957eeb9c422eb07ba0cea3460e5b9caafe777efb05e07bc479d9f312a7",
    "https://esm.sh/v107/highlight.js@11.7.0/deno/lib/languages/golo.js": "64f13221bf2fa80829c719f9118c6bd6db89a7da705cd75653be2c57a2d39e55",
    "https://esm.sh/v107/highlight.js@11.7.0/deno/lib/languages/gradle.js": "a90f007e217aba048ebbf4b786122127fa63ce747bdb399d28d7c738615537d8",
    "https://esm.sh/v107/highlight.js@11.7.0/deno/lib/languages/graphql.js": "1c2847b38287ceac5dd0c196d3a7da3c8c8587b683bbad91870f0c0c2487ddd7",
    "https://esm.sh/v107/highlight.js@11.7.0/deno/lib/languages/groovy.js": "f65d9d118337ddc1611071f04174197f42208806654474693c26ae665be666d6",
    "https://esm.sh/v107/highlight.js@11.7.0/deno/lib/languages/haml.js": "88bb37eeda0ce51e63354aaf1323d7d0519541c5d4d693be6465e8c084b489c2",
    "https://esm.sh/v107/highlight.js@11.7.0/deno/lib/languages/handlebars.js": "7f20196ef06b0d8f8bfb5ab793f738aa8b83fc6c1dcbb16df9a44d5112ac6884",
    "https://esm.sh/v107/highlight.js@11.7.0/deno/lib/languages/haskell.js": "f4107a30f0264a110b9cfc16cd3a304b2f74dbdfb6182b0e09e8824f2c30b57f",
    "https://esm.sh/v107/highlight.js@11.7.0/deno/lib/languages/haxe.js": "7ee87db0a41091d3c8975102d2bb5b69ce3dff2a88d05e0a21b9445b839d12c3",
    "https://esm.sh/v107/highlight.js@11.7.0/deno/lib/languages/hsp.js": "82a214d637e8cec26a2126f8a7ba8c758fea61a812c78d62249a51b5662ef30e",
    "https://esm.sh/v107/highlight.js@11.7.0/deno/lib/languages/http.js": "2eba0e91125cb4b9d4542108fcd5c3f88498ef9f9984cbe15f504d5d22e5d81a",
    "https://esm.sh/v107/highlight.js@11.7.0/deno/lib/languages/hy.js": "d4e5aa1154ba4cbb53a4aa9036e88fa09d7bcd6a9d104a9b1a855e55c7270a4d",
    "https://esm.sh/v107/highlight.js@11.7.0/deno/lib/languages/inform7.js": "97330bfe2ae298fc7c91f4ca8050ac77a029d595817f66e186da4316724739b5",
    "https://esm.sh/v107/highlight.js@11.7.0/deno/lib/languages/ini.js": "f43bb937aacec57c42d45c12a031f2f336c0eac0c47a263868b738e09e891b94",
    "https://esm.sh/v107/highlight.js@11.7.0/deno/lib/languages/irpf90.js": "bd7ae29842f4fa8e9319b396810ccedeaf985ae201d81d7432333f8a808d8c24",
    "https://esm.sh/v107/highlight.js@11.7.0/deno/lib/languages/isbl.js": "4a01ace53e33cbbe46b4169db29aa5bdcb324dd1a2c6f5795f264e11788d23f2",
    "https://esm.sh/v107/highlight.js@11.7.0/deno/lib/languages/java.js": "a42287dac0100411dbad31292cf3842dd3e3e877ccbfe607e780278a518b2a09",
    "https://esm.sh/v107/highlight.js@11.7.0/deno/lib/languages/javascript.js": "531b7254da84a2b2d03a4facf9a704e19346c67da72697d15661067a0c5503fa",
    "https://esm.sh/v107/highlight.js@11.7.0/deno/lib/languages/jboss-cli.js": "df25e6c662d98edb9b53ceb96506db3936f95c01f46e9563ae134158866bbafe",
    "https://esm.sh/v107/highlight.js@11.7.0/deno/lib/languages/json.js": "dfb9368bd33c91ebebf95d4992f59d585f32bfb2c7e67c9115c5cbe0af820a4d",
    "https://esm.sh/v107/highlight.js@11.7.0/deno/lib/languages/julia-repl.js": "da0e190d3338b0e4f20db1fb660b4fed3888517841592470ca053005e5678028",
    "https://esm.sh/v107/highlight.js@11.7.0/deno/lib/languages/julia.js": "fe9638c20bf32ddde8f2060e81f508838c352d8f7793388ed7b1b78435f39623",
    "https://esm.sh/v107/highlight.js@11.7.0/deno/lib/languages/kotlin.js": "1b6bf5f6243fbc01d8351c49c11ed2c7569d029f29574a00884d102ea45e761b",
    "https://esm.sh/v107/highlight.js@11.7.0/deno/lib/languages/lasso.js": "94851cf5184d31e45da29c5ddf0db250358f937ba9544f42e3a61589b6dc60bf",
    "https://esm.sh/v107/highlight.js@11.7.0/deno/lib/languages/latex.js": "65b38ff61185ef223c7988ffe9d36a38eda85b35aa65a111edcf90cfdc778d97",
    "https://esm.sh/v107/highlight.js@11.7.0/deno/lib/languages/ldif.js": "65cfb757b24e684a10698a6b4e97a6d2ab2f6d4d0dc4c78c4da0308c7ab07530",
    "https://esm.sh/v107/highlight.js@11.7.0/deno/lib/languages/leaf.js": "5fc5a24cd4ba0795f69c1233394a4680a983b448f5b63d181038611110e4fae5",
    "https://esm.sh/v107/highlight.js@11.7.0/deno/lib/languages/less.js": "8842e6c5e78f9134c057c2644c3e4102ec11b0866d40ac42c1b482fb3f92c7be",
    "https://esm.sh/v107/highlight.js@11.7.0/deno/lib/languages/lisp.js": "9cdd2c10b2159ee082f767e9bce22bba12ac7a79d9115cc189cb5d8969beacf1",
    "https://esm.sh/v107/highlight.js@11.7.0/deno/lib/languages/livecodeserver.js": "8249cc30bfb9907f2246b44f63208b5c05315caa1cc5c8377d73fceeeaaf75ff",
    "https://esm.sh/v107/highlight.js@11.7.0/deno/lib/languages/livescript.js": "e729b9bda3cb5bd2ffbb7b6e0cf26fd407eac211a40a701a5485135cda183c7f",
    "https://esm.sh/v107/highlight.js@11.7.0/deno/lib/languages/llvm.js": "2307006f395178660a05740ca05d119aa7cd31996a65f675c95c73308d289a31",
    "https://esm.sh/v107/highlight.js@11.7.0/deno/lib/languages/lsl.js": "5e2309db913327a5e984a95d8440bbc9249e1e9049c8c09cfbc90c73237fb2d1",
    "https://esm.sh/v107/highlight.js@11.7.0/deno/lib/languages/lua.js": "49e5a38d260360eece1125c2ba1b96bb580cb2175d15975bd151f68f79a4ace2",
    "https://esm.sh/v107/highlight.js@11.7.0/deno/lib/languages/makefile.js": "886cdf9bb99b718a2c972b9f09582ba1d834bebd9d6a978f1fdb3103d0d61337",
    "https://esm.sh/v107/highlight.js@11.7.0/deno/lib/languages/markdown.js": "c085d8c331c3ef0058a12d7e0d97e0c9077a08f88e1857f1c34335841f1890ad",
    "https://esm.sh/v107/highlight.js@11.7.0/deno/lib/languages/mathematica.js": "dc916a96b224a21483fdc787c2e88221f695595f9e954af43da28dab3d65d806",
    "https://esm.sh/v107/highlight.js@11.7.0/deno/lib/languages/matlab.js": "176e3ea4ebb212c820effe681e7578da53586e72a4c189d3b9bfc48c78abea6d",
    "https://esm.sh/v107/highlight.js@11.7.0/deno/lib/languages/maxima.js": "3fcc4ec4611ea4fe11f4a7a64199862290d36385a1690b141fbd9c6494c409f9",
    "https://esm.sh/v107/highlight.js@11.7.0/deno/lib/languages/mel.js": "f3f5253ebf5be57558955f78785c0c26de0dcc75a82a84f5af66832295d0346e",
    "https://esm.sh/v107/highlight.js@11.7.0/deno/lib/languages/mercury.js": "7ae129af98751783bc95fe5527c578a39e13c2ef92b1ec10222653f4051604e4",
    "https://esm.sh/v107/highlight.js@11.7.0/deno/lib/languages/mipsasm.js": "9f0ea9d421c4258a37956a8dc8c91b47cad732bf5e2b374ac11a6d6aa821fd67",
    "https://esm.sh/v107/highlight.js@11.7.0/deno/lib/languages/mizar.js": "c0475b48f3a950cec06c8b6d1fef9ba208cb716b9546f6717931ff32aeb713bd",
    "https://esm.sh/v107/highlight.js@11.7.0/deno/lib/languages/mojolicious.js": "703d955cbb1b218f682a5bd087b60ec56cd9fa8a815422ec71a65326938d86d8",
    "https://esm.sh/v107/highlight.js@11.7.0/deno/lib/languages/monkey.js": "62f24bf5783ba9974a858c726b96ba4b1f9d99e121d189df9d685c24fd8495e5",
    "https://esm.sh/v107/highlight.js@11.7.0/deno/lib/languages/moonscript.js": "ebefc2dc7b53ecc62123e84302938d97a81229314c32a42a624a50a53b462254",
    "https://esm.sh/v107/highlight.js@11.7.0/deno/lib/languages/n1ql.js": "df72ac2095857a7ee8826cb8804af4224314c2366ad07fdf3d78155311e76f5a",
    "https://esm.sh/v107/highlight.js@11.7.0/deno/lib/languages/nestedtext.js": "5502cf94f82e5d25af558ac1572ac6ebe460c45cf78e0fb1980460921d8d664c",
    "https://esm.sh/v107/highlight.js@11.7.0/deno/lib/languages/nginx.js": "a45974ae7941c5e6f2907736ae6c59cb6dc2d4b6192b19a892d1d3ffff7d25b8",
    "https://esm.sh/v107/highlight.js@11.7.0/deno/lib/languages/nim.js": "a6fbdb7023dcdd082c1a8455d30e846e6c23e3642f7f44dda1bb456ee22b74af",
    "https://esm.sh/v107/highlight.js@11.7.0/deno/lib/languages/nix.js": "9350578e6e3bfbbed383fe135f5af0c9264a8c22d9ec100d998b48c0e9d1fa86",
    "https://esm.sh/v107/highlight.js@11.7.0/deno/lib/languages/node-repl.js": "f9d969044b3c0b830aa2b64ccd460480bc25eeba6e8fa022331e008423219d6f",
    "https://esm.sh/v107/highlight.js@11.7.0/deno/lib/languages/nsis.js": "cebec29f9108f60c2a896b478eb268d54b6dba8b02dc18fc2f7f6c744c795714",
    "https://esm.sh/v107/highlight.js@11.7.0/deno/lib/languages/objectivec.js": "6308d72355a0be52f61e57b24f19ba87fe9a0902035717f51853706e6acde523",
    "https://esm.sh/v107/highlight.js@11.7.0/deno/lib/languages/ocaml.js": "2eaa81caba2428e1d7bfd3aeb1d75b6cf2bea62485f63a6e0865675377023023",
    "https://esm.sh/v107/highlight.js@11.7.0/deno/lib/languages/openscad.js": "6f3c77311e5bf2233dc323950b04d30c850249260e7b775c9324b173754898a0",
    "https://esm.sh/v107/highlight.js@11.7.0/deno/lib/languages/oxygene.js": "464518d3de2d6b469d039bebc6fdf387bd515e6c19c888b31288e87df9246d3c",
    "https://esm.sh/v107/highlight.js@11.7.0/deno/lib/languages/parser3.js": "375e2f5ae077263a0030b80e9a48e200ad38343075b045ec320c03abf41fd190",
    "https://esm.sh/v107/highlight.js@11.7.0/deno/lib/languages/perl.js": "c3155ba4a19f4cea60c658af33299073a5f83d20af6ac9a5c3898c940ba69f62",
    "https://esm.sh/v107/highlight.js@11.7.0/deno/lib/languages/pf.js": "7096cad9b4b76ef96b513efb98110445538086e92d17b2e6966e69b9a360570a",
    "https://esm.sh/v107/highlight.js@11.7.0/deno/lib/languages/pgsql.js": "c964a9bf9dc6d78d43a705a9274b659fc4d392e5e565e5115adf99520109d54f",
    "https://esm.sh/v107/highlight.js@11.7.0/deno/lib/languages/php-template.js": "dda7c99b010bf2edc52647d0496922c4a7c9167b61ec0620dc8ff0e5ed92ccad",
    "https://esm.sh/v107/highlight.js@11.7.0/deno/lib/languages/php.js": "961d36b20729676daa559918beb134be0a65e4c87ad18c53184c65813cb47c59",
    "https://esm.sh/v107/highlight.js@11.7.0/deno/lib/languages/plaintext.js": "dba0cc960cf9e74aed1ddbf362d1c5ebb4af68f7e90122abd1dd58ed07c78ae0",
    "https://esm.sh/v107/highlight.js@11.7.0/deno/lib/languages/pony.js": "0322d30a0e7745696ff097fe78fe49110b93b4c99c87315e5fd3daeda1df447f",
    "https://esm.sh/v107/highlight.js@11.7.0/deno/lib/languages/powershell.js": "20ba3b24a25737834212ece84d2e5db2c370a65994e55e3160e0ca566be3f3cf",
    "https://esm.sh/v107/highlight.js@11.7.0/deno/lib/languages/processing.js": "e7a7b1556a35adbb5ec877a23887cfe52f33d013f347ffc4791c3e92efbe4dc9",
    "https://esm.sh/v107/highlight.js@11.7.0/deno/lib/languages/profile.js": "989a06f9e674f06c47cfef12d75027b2bc8dc64b0ad1b3a70715ea91c7569db6",
    "https://esm.sh/v107/highlight.js@11.7.0/deno/lib/languages/prolog.js": "10b5adbcdcd3a19bb39bb1f99a126ad0be3856f6cb659671bc5bf790dbfa4cdc",
    "https://esm.sh/v107/highlight.js@11.7.0/deno/lib/languages/properties.js": "f95d6ffd4d3e2e1c02cd538d89a71eaa33ac94d6bc317ddb8c024b45b7acc2f0",
    "https://esm.sh/v107/highlight.js@11.7.0/deno/lib/languages/protobuf.js": "aa7aa1a82fe6e66b8e6d2cd0e5b65154019982386cbe5092475decd9f9c8dede",
    "https://esm.sh/v107/highlight.js@11.7.0/deno/lib/languages/puppet.js": "d6ebb401cd28b0593ebf08a22e075ada26debb47cface4d3d2929158e0087ec0",
    "https://esm.sh/v107/highlight.js@11.7.0/deno/lib/languages/purebasic.js": "0947024ae1acc396008c1ac12524bfea3e2d0e0eed5c4aef17b6a2061a64071d",
    "https://esm.sh/v107/highlight.js@11.7.0/deno/lib/languages/python-repl.js": "c540d56bd76dcc382ba93a83cbfe50c4d0c2e4548f77a2f283a0c69c6cb07294",
    "https://esm.sh/v107/highlight.js@11.7.0/deno/lib/languages/python.js": "3d792df9129e031c475c8f660e0466f3c95077addc9e9add313d624d73e47b50",
    "https://esm.sh/v107/highlight.js@11.7.0/deno/lib/languages/q.js": "fdb72b39039002029b2a669998be6369854dc1883fcfa843eb01c8f18e110adc",
    "https://esm.sh/v107/highlight.js@11.7.0/deno/lib/languages/qml.js": "ca68fb2858859324653e985bfba4d666cff145e84073362b27a545d6266f0be1",
    "https://esm.sh/v107/highlight.js@11.7.0/deno/lib/languages/r.js": "fb5d7a9f3bc1d09f9deb3d11ed2ac89001fe02abdfe0ee640beeb9c3bb523207",
    "https://esm.sh/v107/highlight.js@11.7.0/deno/lib/languages/reasonml.js": "eefc794bb1459b6a277d50f05263565a1c37f6d5d91f582a45ef1eda25e1558e",
    "https://esm.sh/v107/highlight.js@11.7.0/deno/lib/languages/rib.js": "9fb0b7bbb6dc7a28e76dc0b8b35eaf0e9efe1518d68b24b37ccab6aa6e75fc5e",
    "https://esm.sh/v107/highlight.js@11.7.0/deno/lib/languages/roboconf.js": "e1b1fe9b11d1fa06694317ff2562598fe6a6c4a2f14edd6d0e2c3ef01c596912",
    "https://esm.sh/v107/highlight.js@11.7.0/deno/lib/languages/routeros.js": "6027c8f9470d76451b0c97dbc3fb71563e335f8169541e6c10196f2a1edf7c90",
    "https://esm.sh/v107/highlight.js@11.7.0/deno/lib/languages/rsl.js": "4ea39c6e9496f8ffa78ac671fedf07126ea8b61eaaecc935bda4cd2f375e7a61",
    "https://esm.sh/v107/highlight.js@11.7.0/deno/lib/languages/ruby.js": "533cd6604b499d48a2c4e05702f3835908519310b9997a35430cc38d48b95f57",
    "https://esm.sh/v107/highlight.js@11.7.0/deno/lib/languages/ruleslanguage.js": "429b2cae8d74d66fa95b815ab363958c8cca3bc54b03e4956e06de8e4d9e1548",
    "https://esm.sh/v107/highlight.js@11.7.0/deno/lib/languages/rust.js": "3ba4d62bdee5ab621790100a2fc4f5e23e16c75587ef1cae5a97ada5f1aea6c8",
    "https://esm.sh/v107/highlight.js@11.7.0/deno/lib/languages/sas.js": "a3286ec6eaa9a7af89b11fd7e7069ef0a41569e8d17e77c26086b520fd55f8b4",
    "https://esm.sh/v107/highlight.js@11.7.0/deno/lib/languages/scala.js": "a971ef5e2c83d5a79c784286b60c1738bb0d510050874bae65a99b61ac03e345",
    "https://esm.sh/v107/highlight.js@11.7.0/deno/lib/languages/scheme.js": "afef84eabc46bbd643ad1c3696445b20328dded3a55c11d40e0d6dd0779e7631",
    "https://esm.sh/v107/highlight.js@11.7.0/deno/lib/languages/scilab.js": "c895a2affa6c4ae41d07662104f014401ebc4b190b758158ab848ee9db859b7a",
    "https://esm.sh/v107/highlight.js@11.7.0/deno/lib/languages/scss.js": "e6f7f4a1c1b36b72ca79c6e2834cc3c9ac3752669983dbd77222459df7201a63",
    "https://esm.sh/v107/highlight.js@11.7.0/deno/lib/languages/shell.js": "245cadc01202459a5aaa4d22cc7aac15dbd9ba62d78636faa914753bd4fa211d",
    "https://esm.sh/v107/highlight.js@11.7.0/deno/lib/languages/smali.js": "e8d7fa835651550348750eb57a8df5cc30afa8232405b9f3ba1e9efbdf039b01",
    "https://esm.sh/v107/highlight.js@11.7.0/deno/lib/languages/smalltalk.js": "884adfa10c0bdbc1cf31c83b2b8a1e845114b9cb0042194fcc037de1b0596b02",
    "https://esm.sh/v107/highlight.js@11.7.0/deno/lib/languages/sml.js": "1cd77c63d1e705b64900a9bc77968c0c936df10813d244d7dd0c52289a9cfc19",
    "https://esm.sh/v107/highlight.js@11.7.0/deno/lib/languages/sqf.js": "960f764e1b0046533712c41ad03b32f673fd2d44a70b4a419b69bc253270d32c",
    "https://esm.sh/v107/highlight.js@11.7.0/deno/lib/languages/sql.js": "b39373e5b2d3fa05cfb7c57ab0f02394b1b789a4ed06e0098f16dfc1d8542e1c",
    "https://esm.sh/v107/highlight.js@11.7.0/deno/lib/languages/stan.js": "9f5a4222e5ef65fd10f7911f031360451df76bba0223942570ce59d61b8f8b42",
    "https://esm.sh/v107/highlight.js@11.7.0/deno/lib/languages/stata.js": "b3cec048a55ee03bff9c01bc48a0d97bb1c1cf69584e461e8b6a2dab78465ac1",
    "https://esm.sh/v107/highlight.js@11.7.0/deno/lib/languages/step21.js": "692b48963b4001a1ff89011ce771f76df45247498145f14ec7723681bdb618d8",
    "https://esm.sh/v107/highlight.js@11.7.0/deno/lib/languages/stylus.js": "d674f781728e269d8831d9a000f0643d0f9ac656fdf6777a01f77aa18c04378b",
    "https://esm.sh/v107/highlight.js@11.7.0/deno/lib/languages/subunit.js": "5bbe365bddd62a1510e59a89fff78571d8be92491443d4a358c1718f574256b8",
    "https://esm.sh/v107/highlight.js@11.7.0/deno/lib/languages/swift.js": "49425c0f32eb900c5be8dab7a00a36bfb98c7b7b6f770755e8db83de7d1d0543",
    "https://esm.sh/v107/highlight.js@11.7.0/deno/lib/languages/taggerscript.js": "1ec7826a138fec1ad64d616838cbf06d22f1ca591e4b40d66b9560ffb314e4d9",
    "https://esm.sh/v107/highlight.js@11.7.0/deno/lib/languages/tap.js": "ade642a71ae3ba420125670ca01ba0d5f09d273719e7ffc7705e4e67d0a461bb",
    "https://esm.sh/v107/highlight.js@11.7.0/deno/lib/languages/tcl.js": "142f85790ba02a5d00d12403ac6edf4687fa0150edc50696a45c1a894baec92e",
    "https://esm.sh/v107/highlight.js@11.7.0/deno/lib/languages/thrift.js": "8fb8e035eba7636592cd711b1952c224d42429fb9ae815b38caa076b315761ea",
    "https://esm.sh/v107/highlight.js@11.7.0/deno/lib/languages/tp.js": "241c57967ee1aac5913371fe02992ce13330055a35f0be9877cad87a7e6cf8e1",
    "https://esm.sh/v107/highlight.js@11.7.0/deno/lib/languages/twig.js": "3033e68f3a744c7631e40cbd1604d871bb440b1b9ac916530b86a0d2b8c2d5bb",
    "https://esm.sh/v107/highlight.js@11.7.0/deno/lib/languages/typescript.js": "08c7a5feee4c1ea64efa8da2096825f87371738dd88b2b4b34cdfdb273b19ffc",
    "https://esm.sh/v107/highlight.js@11.7.0/deno/lib/languages/vala.js": "04140237bb0fa62b7c5885b01d81b171b66f2ba62dec9a005607c4ee8d8d520d",
    "https://esm.sh/v107/highlight.js@11.7.0/deno/lib/languages/vbnet.js": "16bc64cd67968eedf20a6a7da40393ec7a2f65fa2dcbb8c0920bbabf927173e9",
    "https://esm.sh/v107/highlight.js@11.7.0/deno/lib/languages/vbscript-html.js": "a3f7c9ff7fe18e5f82d2708a554dbc92407c0ff67c87f5cd860bcf7dc11e08c8",
    "https://esm.sh/v107/highlight.js@11.7.0/deno/lib/languages/vbscript.js": "87d864dc987578f5612f5865bde38b32e67aa5305a46a0aa15f8e3258ec3d98f",
    "https://esm.sh/v107/highlight.js@11.7.0/deno/lib/languages/verilog.js": "7bd94f02ae968a0759388c61a84d6fec1a565d83f9f6ffa1a97ad6dca1047471",
    "https://esm.sh/v107/highlight.js@11.7.0/deno/lib/languages/vhdl.js": "bb9707d07fd3cccb86195e962d85400538541c004869d2d5be80a619d3fd0833",
    "https://esm.sh/v107/highlight.js@11.7.0/deno/lib/languages/vim.js": "54a5a8af0d30c2fd1deb23fbe3e27ae130f34740e6b0f3df6a0393eb2752b039",
    "https://esm.sh/v107/highlight.js@11.7.0/deno/lib/languages/wasm.js": "5b67c9c6e0c146136dca14dc55b7159643c5030581e106ef255ca1a500053bb7",
    "https://esm.sh/v107/highlight.js@11.7.0/deno/lib/languages/wren.js": "6d088e67e25c4d7c41c18c5f4a2b5d1e39804753240795361aae93e8b7054810",
    "https://esm.sh/v107/highlight.js@11.7.0/deno/lib/languages/x86asm.js": "77af1ece66b6449338a5bf84e6adafef0ecbc576b710dafe02e2a05be478b569",
    "https://esm.sh/v107/highlight.js@11.7.0/deno/lib/languages/xl.js": "99b470070ab4bc6b290cbec28e5e6fea514da2c741b4d00a40d6d36650d11c1d",
    "https://esm.sh/v107/highlight.js@11.7.0/deno/lib/languages/xml.js": "d197f6d4336f5f9e7b5ed0e347fc1e47e272231d3f813ad2a1becd58ffc53025",
    "https://esm.sh/v107/highlight.js@11.7.0/deno/lib/languages/xquery.js": "793ab306f71ea62777eb3cc4fac8ea9fc7b8d55a993777f35860e7270a70eb9a",
    "https://esm.sh/v107/highlight.js@11.7.0/deno/lib/languages/yaml.js": "5bd5e239ed077b36dbed95abcb73725b2050c83063de18fd950dd4b99236f766",
    "https://esm.sh/v107/highlight.js@11.7.0/deno/lib/languages/zephir.js": "7bc1618ea7c15d44f5ae8a482cf64d2cfa0f3ca0396ba470e89f011002ef8803",
    "https://esm.sh/v107/highlight.js@11.7.0/types/index.d.ts": "e70dd5f565b1e3ae1e7bf24d5419ca2c89fae3ae4bff8cb7fb90470dbcbc9229",
    "https://esm.sh/v107/html-void-elements@2.0.1/deno/html-void-elements.js": "a631be03a1e522cb18c9960054fce0dd299635528ca44c0f1f63da0b07dbee32",
    "https://esm.sh/v107/lowlight@2.8.1/deno/lib/all.js": "447dbb6cbd4a08a6985f1d58640fb1ee96f93637b537261b6f51dd89346668e0",
    "https://esm.sh/v107/lowlight@2.8.1/deno/lib/common.js": "e9341e6f250585f589609ff73c89adeadd6d0b9fd3adf28626a0c82299177662",
    "https://esm.sh/v107/lowlight@2.8.1/deno/lib/core.js": "85d8f4aa90a80c2ce0369b31b313379d0904f7dc5674cc26f2982f7adecc2726",
    "https://esm.sh/v107/lowlight@2.8.1/lib/all.d.ts": "8c25ab65c1d38c1b274330636fcea8d3f455f44b53a12171651ec8b220d5af5e",
    "https://esm.sh/v107/lowlight@2.8.1/lib/common.d.ts": "790c454f49829da352840cca5ec2c0bdc5a97e8a27622105b1f3c31221dad015",
    "https://esm.sh/v107/lowlight@2.8.1/lib/core.d.ts": "ffb1c3271a43f5756fd7d97095b5eec6fba306fec08e5c0e320c28c79895e9ac",
    "https://esm.sh/v107/property-information@6.2.0/deno/property-information.js": "4ded0b8f927dd66d3eb4f996b50d2231a450f983ce1404b37f97ba959128a810",
    "https://esm.sh/v107/property-information@6.2.0/index.d.ts": "a9e5c5ec2c2f725d3076d5723936f9421b61aad61c70761a046887e78205faff",
    "https://esm.sh/v107/property-information@6.2.0/lib/find.d.ts": "946fb56407dd8761cb61b1670a6c7df7e12bd5ec4b543b23c627d6ed94d7ce6f",
    "https://esm.sh/v107/property-information@6.2.0/lib/hast-to-react.d.ts": "46ab5ea5cdbc0ce75ade44ec0d9aa164f81e42b061d8e573b832a73ed181da57",
    "https://esm.sh/v107/property-information@6.2.0/lib/normalize.d.ts": "d752d4dde165ab9bd56ddd111f59a6bf46eebbc6d4ba4e433f2ea21d1d0599e6",
    "https://esm.sh/v107/property-information@6.2.0/lib/util/info.d.ts": "7bd32cd2e05737c6a5041ca7a31ceca0c14ce065661c5d1ae5f7bfa35ff3fc5e",
    "https://esm.sh/v107/property-information@6.2.0/lib/util/schema.d.ts": "35fc1ace1046f537efd2a4f06cf58149465ccca6bc1045ee0bd27e58fcd53804",
    "https://esm.sh/v107/space-separated-tokens@2.0.2/deno/space-separated-tokens.js": "1107a4be51a2095d72009ec11725e381f8564b0e8c8d43b2f5cc98416800ba92",
    "https://esm.sh/v107/stringify-entities@4.0.3/deno/stringify-entities.js": "9b875c17d476d23c2c9f3f6c56bd465c22608bc3af1955ac8ba7bc2bc8bbe7a5",
    "https://esm.sh/v107/stringify-entities@4.0.3/index.d.ts": "0bf3069ff807079ea3146c99567dc35808a0bb7f13e09fa8669b7260f9380152",
    "https://esm.sh/v107/stringify-entities@4.0.3/lib/core.d.ts": "0031b32fbaefc85371847aae06de5f4f180e9ef6d15d20337df9263bfa89e1e4",
    "https://esm.sh/v107/stringify-entities@4.0.3/lib/index.d.ts": "3e1fd20a36aa18e287ff92fba23023cad2a2b6f8472586aa652b3c1ba86c4c3c",
    "https://esm.sh/v107/stringify-entities@4.0.3/lib/util/format-smart.d.ts": "c19d7ac12ed3eba32c4a5de206abad95aff3076b9fca167964c0962796fa2ac7",
    "https://esm.sh/v107/zwitch@2.0.4/deno/zwitch.js": "bc32faa69a49c4f1988445477c640d459a9936ba625d1aae21ca4cda529a767c"
  }
}
